// !$*UTF8*$!
{
	archiveVersion = 1;
	classes = {
	};
	objectVersion = 46;
	objects = {

/* Begin PBXBuildFile section */
		F507C7A71CBA851F00F66E79 /* AppDelegate.swift in Sources */ = {isa = PBXBuildFile; fileRef = F507C7A61CBA851F00F66E79 /* AppDelegate.swift */; };
		F507C7A91CBA851F00F66E79 /* ViewController.swift in Sources */ = {isa = PBXBuildFile; fileRef = F507C7A81CBA851F00F66E79 /* ViewController.swift */; };
		F507C7AC1CBA851F00F66E79 /* Main.storyboard in Resources */ = {isa = PBXBuildFile; fileRef = F507C7AA1CBA851F00F66E79 /* Main.storyboard */; };
		F507C7AE1CBA851F00F66E79 /* Assets.xcassets in Resources */ = {isa = PBXBuildFile; fileRef = F507C7AD1CBA851F00F66E79 /* Assets.xcassets */; };
		F507C7B11CBA851F00F66E79 /* LaunchScreen.storyboard in Resources */ = {isa = PBXBuildFile; fileRef = F507C7AF1CBA851F00F66E79 /* LaunchScreen.storyboard */; };
		F5D0EA8B1CC9A11300F01024 /* FTColorPickerRecognizer.swift in Sources */ = {isa = PBXBuildFile; fileRef = F5D0EA8A1CC9A11300F01024 /* FTColorPickerRecognizer.swift */; };
/* End PBXBuildFile section */

/* Begin PBXFileReference section */
		F507C7A31CBA851E00F66E79 /* snapchat-color-picker.app */ = {isa = PBXFileReference; explicitFileType = wrapper.application; includeInIndex = 0; path = "snapchat-color-picker.app"; sourceTree = BUILT_PRODUCTS_DIR; };
		F507C7A61CBA851F00F66E79 /* AppDelegate.swift */ = {isa = PBXFileReference; lastKnownFileType = sourcecode.swift; path = AppDelegate.swift; sourceTree = "<group>"; };
		F507C7A81CBA851F00F66E79 /* ViewController.swift */ = {isa = PBXFileReference; lastKnownFileType = sourcecode.swift; path = ViewController.swift; sourceTree = "<group>"; };
		F507C7AB1CBA851F00F66E79 /* Base */ = {isa = PBXFileReference; lastKnownFileType = file.storyboard; name = Base; path = Base.lproj/Main.storyboard; sourceTree = "<group>"; };
		F507C7AD1CBA851F00F66E79 /* Assets.xcassets */ = {isa = PBXFileReference; lastKnownFileType = folder.assetcatalog; path = Assets.xcassets; sourceTree = "<group>"; };
		F507C7B01CBA851F00F66E79 /* Base */ = {isa = PBXFileReference; lastKnownFileType = file.storyboard; name = Base; path = Base.lproj/LaunchScreen.storyboard; sourceTree = "<group>"; };
		F507C7B21CBA851F00F66E79 /* Info.plist */ = {isa = PBXFileReference; lastKnownFileType = text.plist.xml; path = Info.plist; sourceTree = "<group>"; };
		F5D0EA8A1CC9A11300F01024 /* FTColorPickerRecognizer.swift */ = {isa = PBXFileReference; fileEncoding = 4; lastKnownFileType = sourcecode.swift; path = FTColorPickerRecognizer.swift; sourceTree = "<group>"; };
/* End PBXFileReference section */

/* Begin PBXFrameworksBuildPhase section */
		F507C7A01CBA851E00F66E79 /* Frameworks */ = {
			isa = PBXFrameworksBuildPhase;
			buildActionMask = 2147483647;
			files = (
			);
			runOnlyForDeploymentPostprocessing = 0;
		};
/* End PBXFrameworksBuildPhase section */

/* Begin PBXGroup section */
		F507C79A1CBA851E00F66E79 = {
			isa = PBXGroup;
			children = (
				F507C7A51CBA851F00F66E79 /* snapchat-color-picker */,
				F507C7A41CBA851E00F66E79 /* Products */,
			);
			sourceTree = "<group>";
		};
		F507C7A41CBA851E00F66E79 /* Products */ = {
			isa = PBXGroup;
			children = (
				F507C7A31CBA851E00F66E79 /* snapchat-color-picker.app */,
			);
			name = Products;
			sourceTree = "<group>";
		};
		F507C7A51CBA851F00F66E79 /* snapchat-color-picker */ = {
			isa = PBXGroup;
			children = (
				F507C7A61CBA851F00F66E79 /* AppDelegate.swift */,
				F507C7A81CBA851F00F66E79 /* ViewController.swift */,
				F507C7AA1CBA851F00F66E79 /* Main.storyboard */,
				F507C7AD1CBA851F00F66E79 /* Assets.xcassets */,
				F507C7AF1CBA851F00F66E79 /* LaunchScreen.storyboard */,
				F507C7B21CBA851F00F66E79 /* Info.plist */,
				F5D0EA8A1CC9A11300F01024 /* FTColorPickerRecognizer.swift */,
			);
			path = "snapchat-color-picker";
			sourceTree = "<group>";
		};
/* End PBXGroup section */

/* Begin PBXNativeTarget section */
		F507C7A21CBA851E00F66E79 /* snapchat-color-picker */ = {
			isa = PBXNativeTarget;
			buildConfigurationList = F507C7B51CBA851F00F66E79 /* Build configuration list for PBXNativeTarget "snapchat-color-picker" */;
			buildPhases = (
				F507C79F1CBA851E00F66E79 /* Sources */,
				F507C7A01CBA851E00F66E79 /* Frameworks */,
				F507C7A11CBA851E00F66E79 /* Resources */,
			);
			buildRules = (
			);
			dependencies = (
			);
			name = "snapchat-color-picker";
			productName = "snapchat-color-picker";
			productReference = F507C7A31CBA851E00F66E79 /* snapchat-color-picker.app */;
			productType = "com.apple.product-type.application";
		};
/* End PBXNativeTarget section */

/* Begin PBXProject section */
		F507C79B1CBA851E00F66E79 /* Project object */ = {
			isa = PBXProject;
			attributes = {
				LastSwiftUpdateCheck = 0730;
				LastUpgradeCheck = 0730;
				ORGANIZATIONNAME = "Florent THOMAS-MOREL";
				TargetAttributes = {
					F507C7A21CBA851E00F66E79 = {
						CreatedOnToolsVersion = 7.3;
					};
				};
			};
			buildConfigurationList = F507C79E1CBA851E00F66E79 /* Build configuration list for PBXProject "snapchat-color-picker" */;
			compatibilityVersion = "Xcode 3.2";
			developmentRegion = English;
			hasScannedForEncodings = 0;
			knownRegions = (
				en,
				Base,
			);
			mainGroup = F507C79A1CBA851E00F66E79;
			productRefGroup = F507C7A41CBA851E00F66E79 /* Products */;
			projectDirPath = "";
			projectRoot = "";
			targets = (
				F507C7A21CBA851E00F66E79 /* snapchat-color-picker */,
			);
		};
/* End PBXProject section */

/* Begin PBXResourcesBuildPhase section */
		F507C7A11CBA851E00F66E79 /* Resources */ = {
			isa = PBXResourcesBuildPhase;
			buildActionMask = 2147483647;
			files = (
				F507C7B11CBA851F00F66E79 /* LaunchScreen.storyboard in Resources */,
				F507C7AE1CBA851F00F66E79 /* Assets.xcassets in Resources */,
				F507C7AC1CBA851F00F66E79 /* Main.storyboard in Resources */,
			);
			runOnlyForDeploymentPostprocessing = 0;
		};
/* End PBXResourcesBuildPhase section */

/* Begin PBXSourcesBuildPhase section */
		F507C79F1CBA851E00F66E79 /* Sources */ = {
			isa = PBXSourcesBuildPhase;
			buildActionMask = 2147483647;
			files = (
				F5D0EA8B1CC9A11300F01024 /* FTColorPickerRecognizer.swift in Sources */,
				F507C7A91CBA851F00F66E79 /* ViewController.swift in Sources */,
				F507C7A71CBA851F00F66E79 /* AppDelegate.swift in Sources */,
			);
			runOnlyForDeploymentPostprocessing = 0;
		};
/* End PBXSourcesBuildPhase section */

/* Begin PBXVariantGroup section */
		F507C7AA1CBA851F00F66E79 /* Main.storyboard */ = {
			isa = PBXVariantGroup;
			children = (
				F507C7AB1CBA851F00F66E79 /* Base */,
			);
			name = Main.storyboard;
			sourceTree = "<group>";
		};
		F507C7AF1CBA851F00F66E79 /* LaunchScreen.storyboard */ = {
			isa = PBXVariantGroup;
			children = (
				F507C7B01CBA851F00F66E79 /* Base */,
			);
			name = LaunchScreen.storyboard;
			sourceTree = "<group>";
		};
/* End PBXVariantGroup section */

/* Begin XCBuildConfiguration section */
		F507C7B31CBA851F00F66E79 /* Debug */ = {
			isa = XCBuildConfiguration;
			buildSettings = {
				ALWAYS_SEARCH_USER_PATHS = NO;
				CLANG_ANALYZER_NONNULL = YES;
				CLANG_CXX_LANGUAGE_STANDARD = "gnu++0x";
				CLANG_CXX_LIBRARY = "libc++";
				CLANG_ENABLE_MODULES = YES;
				CLANG_ENABLE_OBJC_ARC = YES;
				CLANG_WARN_BOOL_CONVERSION = YES;
				CLANG_WARN_CONSTANT_CONVERSION = YES;
				CLANG_WARN_DIRECT_OBJC_ISA_USAGE = YES_ERROR;
				CLANG_WARN_EMPTY_BODY = YES;
				CLANG_WARN_ENUM_CONVERSION = YES;
				CLANG_WARN_INT_CONVERSION = YES;
				CLANG_WARN_OBJC_ROOT_CLASS = YES_ERROR;
				CLANG_WARN_UNREACHABLE_CODE = YES;
				CLANG_WARN__DUPLICATE_METHOD_MATCH = YES;
				"CODE_SIGN_IDENTITY[sdk=iphoneos*]" = "iPhone Developer";
				COPY_PHASE_STRIP = NO;
				DEBUG_INFORMATION_FORMAT = dwarf;
				ENABLE_STRICT_OBJC_MSGSEND = YES;
				ENABLE_TESTABILITY = YES;
				GCC_C_LANGUAGE_STANDARD = gnu99;
				GCC_DYNAMIC_NO_PIC = NO;
				GCC_NO_COMMON_BLOCKS = YES;
				GCC_OPTIMIZATION_LEVEL = 0;
				GCC_PREPROCESSOR_DEFINITIONS = (
					"DEBUG=1",
					"$(inherited)",
				);
				GCC_WARN_64_TO_32_BIT_CONVERSION = YES;
				GCC_WARN_ABOUT_RETURN_TYPE = YES_ERROR;
				GCC_WARN_UNDECLARED_SELECTOR = YES;
				GCC_WARN_UNINITIALIZED_AUTOS = YES_AGGRESSIVE;
				GCC_WARN_UNUSED_FUNCTION = YES;
				GCC_WARN_UNUSED_VARIABLE = YES;
				IPHONEOS_DEPLOYMENT_TARGET = 9.3;
				MTL_ENABLE_DEBUG_INFO = YES;
				ONLY_ACTIVE_ARCH = YES;
				SDKROOT = iphoneos;
				SWIFT_OPTIMIZATION_LEVEL = "-Onone";
			};
			name = Debug;
		};
		F507C7B41CBA851F00F66E79 /* Release */ = {
			isa = XCBuildConfiguration;
			buildSettings = {
				ALWAYS_SEARCH_USER_PATHS = NO;
				CLANG_ANALYZER_NONNULL = YES;
				CLANG_CXX_LANGUAGE_STANDARD = "gnu++0x";
				CLANG_CXX_LIBRARY = "libc++";
				CLANG_ENABLE_MODULES = YES;
				CLANG_ENABLE_OBJC_ARC = YES;
				CLANG_WARN_BOOL_CONVERSION = YES;
				CLANG_WARN_CONSTANT_CONVERSION = YES;
				CLANG_WARN_DIRECT_OBJC_ISA_USAGE = YES_ERROR;
				CLANG_WARN_EMPTY_BODY = YES;
				CLANG_WARN_ENUM_CONVERSION = YES;
				CLANG_WARN_INT_CONVERSION = YES;
				CLANG_WARN_OBJC_ROOT_CLASS = YES_ERROR;
				CLANG_WARN_UNREACHABLE_CODE = YES;
				CLANG_WARN__DUPLICATE_METHOD_MATCH = YES;
				"CODE_SIGN_IDENTITY[sdk=iphoneos*]" = "iPhone Developer";
				COPY_PHASE_STRIP = NO;
				DEBUG_INFORMATION_FORMAT = "dwarf-with-dsym";
				ENABLE_NS_ASSERTIONS = NO;
				ENABLE_STRICT_OBJC_MSGSEND = YES;
				GCC_C_LANGUAGE_STANDARD = gnu99;
				GCC_NO_COMMON_BLOCKS = YES;
				GCC_WARN_64_TO_32_BIT_CONVERSION = YES;
				GCC_WARN_ABOUT_RETURN_TYPE = YES_ERROR;
				GCC_WARN_UNDECLARED_SELECTOR = YES;
				GCC_WARN_UNINITIALIZED_AUTOS = YES_AGGRESSIVE;
				GCC_WARN_UNUSED_FUNCTION = YES;
				GCC_WARN_UNUSED_VARIABLE = YES;
				IPHONEOS_DEPLOYMENT_TARGET = 9.3;
				MTL_ENABLE_DEBUG_INFO = NO;
				SDKROOT = iphoneos;
				VALIDATE_PRODUCT = YES;
			};
			name = Release;
		};
		F507C7B61CBA851F00F66E79 /* Debug */ = {
			isa = XCBuildConfiguration;
			buildSettings = {
				ASSETCATALOG_COMPILER_APPICON_NAME = AppIcon;
				INFOPLIST_FILE = "snapchat-color-picker/Info.plist";
				LD_RUNPATH_SEARCH_PATHS = "$(inherited) @executable_path/Frameworks";
				PRODUCT_BUNDLE_IDENTIFIER = "com.thomasmorel.florent.snapchat-color-picker";
				PRODUCT_NAME = "$(TARGET_NAME)";
			};
			name = Debug;
		};
		F507C7B71CBA851F00F66E79 /* Release */ = {
			isa = XCBuildConfiguration;
			buildSettings = {
				ASSETCATALOG_COMPILER_APPICON_NAME = AppIcon;
				INFOPLIST_FILE = "snapchat-color-picker/Info.plist";
				LD_RUNPATH_SEARCH_PATHS = "$(inherited) @executable_path/Frameworks";
				PRODUCT_BUNDLE_IDENTIFIER = "com.thomasmorel.florent.snapchat-color-picker";
				PRODUCT_NAME = "$(TARGET_NAME)";
			};
			name = Release;
		};
/* End XCBuildConfiguration section */

/* Begin XCConfigurationList section */
		F507C79E1CBA851E00F66E79 /* Build configuration list for PBXProject "snapchat-color-picker" */ = {
			isa = XCConfigurationList;
			buildConfigurations = (
				F507C7B31CBA851F00F66E79 /* Debug */,
				F507C7B41CBA851F00F66E79 /* Release */,
			);
			defaultConfigurationIsVisible = 0;
			defaultConfigurationName = Release;
		};
		F507C7B51CBA851F00F66E79 /* Build configuration list for PBXNativeTarget "snapchat-color-picker" */ = {
			isa = XCConfigurationList;
			buildConfigurations = (
				F507C7B61CBA851F00F66E79 /* Debug */,
				F507C7B71CBA851F00F66E79 /* Release */,
			);
			defaultConfigurationIsVisible = 0;
			defaultConfigurationName = Release;
		};
/* End XCConfigurationList section */
	};
	rootObject = F507C79B1CBA851E00F66E79 /* Project object */;
}
